
Microsoft Visual Studio Solution File, Format Version 12.00
# Visual Studio Version 17
VisualStudioVersion = 17.3.32825.248
MinimumVisualStudioVersion = 10.0.40219.1
Project("{FAE04EC0-301F-11D3-BF4B-00C04F79EFBC}") = "PacktLibrary", "PacktLibrary\PacktLibrary.csproj", "{40CE35A4-BED8-43D9-A84A-955F7B831A5E}"
EndProject
Project("{FAE04EC0-301F-11D3-BF4B-00C04F79EFBC}") = "PeopleApp", "PeopleApp\PeopleApp.csproj", "{142AAF7B-CD80-443C-9658-E0DC88E6C820}"
EndProject
Global
	GlobalSection(SolutionConfigurationPlatforms) = preSolution
		Debug|Any CPU = Debug|Any CPU
		Release|Any CPU = Release|Any CPU
	EndGlobalSection
	GlobalSection(ProjectConfigurationPlatforms) = postSolution
		{40CE35A4-BED8-43D9-A84A-955F7B831A5E}.Debug|Any CPU.ActiveCfg = Debug|Any CPU
		{40CE35A4-BED8-43D9-A84A-955F7B831A5E}.Debug|Any CPU.Build.0 = Debug|Any CPU
		{40CE35A4-BED8-43D9-A84A-955F7B831A5E}.Release|Any CPU.ActiveCfg = Release|Any CPU
		{40CE35A4-BED8-43D9-A84A-955F7B831A5E}.Release|Any CPU.Build.0 = Release|Any CPU
		{142AAF7B-CD80-443C-9658-E0DC88E6C820}.Debug|Any CPU.ActiveCfg = Debug|Any CPU
		{142AAF7B-CD80-443C-9658-E0DC88E6C820}.Debug|Any CPU.Build.0 = Debug|Any CPU
		{142AAF7B-CD80-443C-9658-E0DC88E6C820}.Release|Any CPU.ActiveCfg = Release|Any CPU
		{142AAF7B-CD80-443C-9658-E0DC88E6C820}.Release|Any CPU.Build.0 = Release|Any CPU
	EndGlobalSection
	GlobalSection(SolutionProperties) = preSolution
		HideSolutionNode = FALSE
	EndGlobalSection
	GlobalSection(ExtensibilityGlobals) = postSolution
		SolutionGuid = {75BFF7D2-EFBD-47EE-BDCF-8851A015FC48}
	EndGlobalSection
EndGlobal
