
Microsoft Visual Studio Solution File, Format Version 12.00
# Visual Studio Version 17
VisualStudioVersion = 17.3.32825.248
MinimumVisualStudioVersion = 10.0.40219.1
Project("{FAE04EC0-301F-11D3-BF4B-00C04F79EFBC}") = "Chapter06", "Chapter06\Chapter06.csproj", "{0D9238BA-C8D8-43A6-BC86-FCC9568DEDF5}"
EndProject
Global
	GlobalSection(SolutionConfigurationPlatforms) = preSolution
		Debug|Any CPU = Debug|Any CPU
		Release|Any CPU = Release|Any CPU
	EndGlobalSection
	GlobalSection(ProjectConfigurationPlatforms) = postSolution
		{0D9238BA-C8D8-43A6-BC86-FCC9568DEDF5}.Debug|Any CPU.ActiveCfg = Debug|Any CPU
		{0D9238BA-C8D8-43A6-BC86-FCC9568DEDF5}.Debug|Any CPU.Build.0 = Debug|Any CPU
		{0D9238BA-C8D8-43A6-BC86-FCC9568DEDF5}.Release|Any CPU.ActiveCfg = Release|Any CPU
		{0D9238BA-C8D8-43A6-BC86-FCC9568DEDF5}.Release|Any CPU.Build.0 = Release|Any CPU
	EndGlobalSection
	GlobalSection(SolutionProperties) = preSolution
		HideSolutionNode = FALSE
	EndGlobalSection
	GlobalSection(ExtensibilityGlobals) = postSolution
		SolutionGuid = {FACC401D-DA77-4BDE-BF2D-3910F18E0C6A}
	EndGlobalSection
EndGlobal
