
Microsoft Visual Studio Solution File, Format Version 12.00
# Visual Studio Version 17
VisualStudioVersion = 17.1.32407.343
MinimumVisualStudioVersion = 10.0.40219.1
Project("{FAE04EC0-301F-11D3-BF4B-00C04F79EFBC}") = "Console_App_review", "Console_App_review\Console_App_review.csproj", "{1316DBD9-E100-4A67-86F3-157444141CAC}"
EndProject
Project("{FAE04EC0-301F-11D3-BF4B-00C04F79EFBC}") = "Another_Console_App_review", "Another_Console_App_review\Another_Console_App_review.csproj", "{B09C625A-36BA-42EF-A1F4-690AB4ECA570}"
EndProject
Global
	GlobalSection(SolutionConfigurationPlatforms) = preSolution
		Debug|Any CPU = Debug|Any CPU
		Release|Any CPU = Release|Any CPU
	EndGlobalSection
	GlobalSection(ProjectConfigurationPlatforms) = postSolution
		{1316DBD9-E100-4A67-86F3-157444141CAC}.Debug|Any CPU.ActiveCfg = Debug|Any CPU
		{1316DBD9-E100-4A67-86F3-157444141CAC}.Debug|Any CPU.Build.0 = Debug|Any CPU
		{1316DBD9-E100-4A67-86F3-157444141CAC}.Release|Any CPU.ActiveCfg = Release|Any CPU
		{1316DBD9-E100-4A67-86F3-157444141CAC}.Release|Any CPU.Build.0 = Release|Any CPU
		{B09C625A-36BA-42EF-A1F4-690AB4ECA570}.Debug|Any CPU.ActiveCfg = Debug|Any CPU
		{B09C625A-36BA-42EF-A1F4-690AB4ECA570}.Debug|Any CPU.Build.0 = Debug|Any CPU
		{B09C625A-36BA-42EF-A1F4-690AB4ECA570}.Release|Any CPU.ActiveCfg = Release|Any CPU
		{B09C625A-36BA-42EF-A1F4-690AB4ECA570}.Release|Any CPU.Build.0 = Release|Any CPU
	EndGlobalSection
	GlobalSection(SolutionProperties) = preSolution
		HideSolutionNode = FALSE
	EndGlobalSection
	GlobalSection(ExtensibilityGlobals) = postSolution
		SolutionGuid = {3FE5A29D-06F4-42AE-9ADF-947ED67E2086}
	EndGlobalSection
EndGlobal
