
Microsoft Visual Studio Solution File, Format Version 12.00
# Visual Studio Version 17
VisualStudioVersion = 17.1.32407.343
MinimumVisualStudioVersion = 10.0.40219.1
Project("{FAE04EC0-301F-11D3-BF4B-00C04F79EFBC}") = "PacktLibrary", "PacktLibrary\PacktLibrary.csproj", "{47A73FF4-0CF3-4360-88E0-B3CE2F6E6FC1}"
EndProject
Global
	GlobalSection(SolutionConfigurationPlatforms) = preSolution
		Debug|Any CPU = Debug|Any CPU
		Release|Any CPU = Release|Any CPU
	EndGlobalSection
	GlobalSection(ProjectConfigurationPlatforms) = postSolution
		{47A73FF4-0CF3-4360-88E0-B3CE2F6E6FC1}.Debug|Any CPU.ActiveCfg = Debug|Any CPU
		{47A73FF4-0CF3-4360-88E0-B3CE2F6E6FC1}.Debug|Any CPU.Build.0 = Debug|Any CPU
		{47A73FF4-0CF3-4360-88E0-B3CE2F6E6FC1}.Release|Any CPU.ActiveCfg = Release|Any CPU
		{47A73FF4-0CF3-4360-88E0-B3CE2F6E6FC1}.Release|Any CPU.Build.0 = Release|Any CPU
	EndGlobalSection
	GlobalSection(SolutionProperties) = preSolution
		HideSolutionNode = FALSE
	EndGlobalSection
	GlobalSection(ExtensibilityGlobals) = postSolution
		SolutionGuid = {81B5AC1C-12DA-48C4-AB25-42B9F25249BB}
	EndGlobalSection
EndGlobal
